
Microsoft Visual Studio Solution File, Format Version 12.00
# Visual Studio Version 17
VisualStudioVersion = 17.0.32112.339
MinimumVisualStudioVersion = 10.0.40219.1
Project("{FAE04EC0-301F-11D3-BF4B-00C04F79EFBC}") = "Exceptions", "Exceptions\Exceptions.csproj", "{FF045A62-612C-438F-BCDC-C5E4AD6B6A43}"
EndProject
Global
	GlobalSection(SolutionConfigurationPlatforms) = preSolution
		Debug|Any CPU = Debug|Any CPU
		Release|Any CPU = Release|Any CPU
	EndGlobalSection
	GlobalSection(ProjectConfigurationPlatforms) = postSolution
		{FF045A62-612C-438F-BCDC-C5E4AD6B6A43}.Debug|Any CPU.ActiveCfg = Debug|Any CPU
		{FF045A62-612C-438F-BCDC-C5E4AD6B6A43}.Debug|Any CPU.Build.0 = Debug|Any CPU
		{FF045A62-612C-438F-BCDC-C5E4AD6B6A43}.Release|Any CPU.ActiveCfg = Release|Any CPU
		{FF045A62-612C-438F-BCDC-C5E4AD6B6A43}.Release|Any CPU.Build.0 = Release|Any CPU
	EndGlobalSection
	GlobalSection(SolutionProperties) = preSolution
		HideSolutionNode = FALSE
	EndGlobalSection
	GlobalSection(ExtensibilityGlobals) = postSolution
		SolutionGuid = {D41F1EE1-842B-46A4-BDB0-C70C7958DD4C}
	EndGlobalSection
EndGlobal
